// !$*UTF8*$!
{
	archiveVersion = 1;
	classes = {
	};
	objectVersion = 46;
	objects = {

/* Begin PBXBuildFile section */
		DA88610F169FB29C007128F2 /* UIKit.framework in Frameworks */ = {isa = PBXBuildFile; fileRef = DA88610E169FB29C007128F2 /* UIKit.framework */; };
		DA886111169FB29C007128F2 /* Foundation.framework in Frameworks */ = {isa = PBXBuildFile; fileRef = DA886110169FB29C007128F2 /* Foundation.framework */; };
		DA886113169FB29C007128F2 /* CoreGraphics.framework in Frameworks */ = {isa = PBXBuildFile; fileRef = DA886112169FB29C007128F2 /* CoreGraphics.framework */; };
		DA886119169FB29C007128F2 /* InfoPlist.strings in Resources */ = {isa = PBXBuildFile; fileRef = DA886117169FB29C007128F2 /* InfoPlist.strings */; };
		DA88611B169FB29C007128F2 /* main.m in Sources */ = {isa = PBXBuildFile; fileRef = DA88611A169FB29C007128F2 /* main.m */; };
		DA88611F169FB29C007128F2 /* AppDelegate.m in Sources */ = {isa = PBXBuildFile; fileRef = DA88611E169FB29C007128F2 /* AppDelegate.m */; };
		DA886121169FB29C007128F2 /* Default.png in Resources */ = {isa = PBXBuildFile; fileRef = DA886120169FB29C007128F2 /* Default.png */; };
		DA886123169FB29C007128F2 /* Default@2x.png in Resources */ = {isa = PBXBuildFile; fileRef = DA886122169FB29C007128F2 /* Default@2x.png */; };
		DA886125169FB29C007128F2 /* Default-568h@2x.png in Resources */ = {isa = PBXBuildFile; fileRef = DA886124169FB29C007128F2 /* Default-568h@2x.png */; };
		DA886128169FB29C007128F2 /* ViewController.m in Sources */ = {isa = PBXBuildFile; fileRef = DA886127169FB29C007128F2 /* ViewController.m */; };
		DA88612B169FB29C007128F2 /* ViewController.xib in Resources */ = {isa = PBXBuildFile; fileRef = DA886129169FB29C007128F2 /* ViewController.xib */; };
/* End PBXBuildFile section */

/* Begin PBXFileReference section */
		DA88610A169FB29C007128F2 /* TestLock.app */ = {isa = PBXFileReference; explicitFileType = wrapper.application; includeInIndex = 0; path = TestLock.app; sourceTree = BUILT_PRODUCTS_DIR; };
		DA88610E169FB29C007128F2 /* UIKit.framework */ = {isa = PBXFileReference; lastKnownFileType = wrapper.framework; name = UIKit.framework; path = System/Library/Frameworks/UIKit.framework; sourceTree = SDKROOT; };
		DA886110169FB29C007128F2 /* Foundation.framework */ = {isa = PBXFileReference; lastKnownFileType = wrapper.framework; name = Foundation.framework; path = System/Library/Frameworks/Foundation.framework; sourceTree = SDKROOT; };
		DA886112169FB29C007128F2 /* CoreGraphics.framework */ = {isa = PBXFileReference; lastKnownFileType = wrapper.framework; name = CoreGraphics.framework; path = System/Library/Frameworks/CoreGraphics.framework; sourceTree = SDKROOT; };
		DA886116169FB29C007128F2 /* TestLock-Info.plist */ = {isa = PBXFileReference; lastKnownFileType = text.plist.xml; path = "TestLock-Info.plist"; sourceTree = "<group>"; };
		DA886118169FB29C007128F2 /* en */ = {isa = PBXFileReference; lastKnownFileType = text.plist.strings; name = en; path = en.lproj/InfoPlist.strings; sourceTree = "<group>"; };
		DA88611A169FB29C007128F2 /* main.m */ = {isa = PBXFileReference; lastKnownFileType = sourcecode.c.objc; path = main.m; sourceTree = "<group>"; };
		DA88611C169FB29C007128F2 /* TestLock-Prefix.pch */ = {isa = PBXFileReference; lastKnownFileType = sourcecode.c.h; path = "TestLock-Prefix.pch"; sourceTree = "<group>"; };
		DA88611D169FB29C007128F2 /* AppDelegate.h */ = {isa = PBXFileReference; lastKnownFileType = sourcecode.c.h; path = AppDelegate.h; sourceTree = "<group>"; };
		DA88611E169FB29C007128F2 /* AppDelegate.m */ = {isa = PBXFileReference; lastKnownFileType = sourcecode.c.objc; path = AppDelegate.m; sourceTree = "<group>"; };
		DA886120169FB29C007128F2 /* Default.png */ = {isa = PBXFileReference; lastKnownFileType = image.png; path = Default.png; sourceTree = "<group>"; };
		DA886122169FB29C007128F2 /* Default@2x.png */ = {isa = PBXFileReference; lastKnownFileType = image.png; path = "Default@2x.png"; sourceTree = "<group>"; };
		DA886124169FB29C007128F2 /* Default-568h@2x.png */ = {isa = PBXFileReference; lastKnownFileType = image.png; path = "Default-568h@2x.png"; sourceTree = "<group>"; };
		DA886126169FB29C007128F2 /* ViewController.h */ = {isa = PBXFileReference; lastKnownFileType = sourcecode.c.h; path = ViewController.h; sourceTree = "<group>"; };
		DA886127169FB29C007128F2 /* ViewController.m */ = {isa = PBXFileReference; lastKnownFileType = sourcecode.c.objc; path = ViewController.m; sourceTree = "<group>"; };
		DA88612A169FB29C007128F2 /* en */ = {isa = PBXFileReference; lastKnownFileType = file.xib; name = en; path = en.lproj/ViewController.xib; sourceTree = "<group>"; };
/* End PBXFileReference section */

/* Begin PBXFrameworksBuildPhase section */
		DA886107169FB29C007128F2 /* Frameworks */ = {
			isa = PBXFrameworksBuildPhase;
			buildActionMask = 2147483647;
			files = (
				DA88610F169FB29C007128F2 /* UIKit.framework in Frameworks */,
				DA886111169FB29C007128F2 /* Foundation.framework in Frameworks */,
				DA886113169FB29C007128F2 /* CoreGraphics.framework in Frameworks */,
			);
			runOnlyForDeploymentPostprocessing = 0;
		};
/* End PBXFrameworksBuildPhase section */

/* Begin PBXGroup section */
		DA8860FF169FB29C007128F2 = {
			isa = PBXGroup;
			children = (
				DA886114169FB29C007128F2 /* TestLock */,
				DA88610D169FB29C007128F2 /* Frameworks */,
				DA88610B169FB29C007128F2 /* Products */,
			);
			sourceTree = "<group>";
		};
		DA88610B169FB29C007128F2 /* Products */ = {
			isa = PBXGroup;
			children = (
				DA88610A169FB29C007128F2 /* TestLock.app */,
			);
			name = Products;
			sourceTree = "<group>";
		};
		DA88610D169FB29C007128F2 /* Frameworks */ = {
			isa = PBXGroup;
			children = (
				DA88610E169FB29C007128F2 /* UIKit.framework */,
				DA886110169FB29C007128F2 /* Foundation.framework */,
				DA886112169FB29C007128F2 /* CoreGraphics.framework */,
			);
			name = Frameworks;
			sourceTree = "<group>";
		};
		DA886114169FB29C007128F2 /* TestLock */ = {
			isa = PBXGroup;
			children = (
				DA88611D169FB29C007128F2 /* AppDelegate.h */,
				DA88611E169FB29C007128F2 /* AppDelegate.m */,
				DA886126169FB29C007128F2 /* ViewController.h */,
				DA886127169FB29C007128F2 /* ViewController.m */,
				DA886129169FB29C007128F2 /* ViewController.xib */,
				DA886115169FB29C007128F2 /* Supporting Files */,
			);
			path = TestLock;
			sourceTree = "<group>";
		};
		DA886115169FB29C007128F2 /* Supporting Files */ = {
			isa = PBXGroup;
			children = (
				DA886116169FB29C007128F2 /* TestLock-Info.plist */,
				DA886117169FB29C007128F2 /* InfoPlist.strings */,
				DA88611A169FB29C007128F2 /* main.m */,
				DA88611C169FB29C007128F2 /* TestLock-Prefix.pch */,
				DA886120169FB29C007128F2 /* Default.png */,
				DA886122169FB29C007128F2 /* Default@2x.png */,
				DA886124169FB29C007128F2 /* Default-568h@2x.png */,
			);
			name = "Supporting Files";
			sourceTree = "<group>";
		};
/* End PBXGroup section */

/* Begin PBXNativeTarget section */
		DA886109169FB29C007128F2 /* TestLock */ = {
			isa = PBXNativeTarget;
			buildConfigurationList = DA88612E169FB29C007128F2 /* Build configuration list for PBXNativeTarget "TestLock" */;
			buildPhases = (
				DA886106169FB29C007128F2 /* Sources */,
				DA886107169FB29C007128F2 /* Frameworks */,
				DA886108169FB29C007128F2 /* Resources */,
			);
			buildRules = (
			);
			dependencies = (
			);
			name = TestLock;
			productName = TestLock;
			productReference = DA88610A169FB29C007128F2 /* TestLock.app */;
			productType = "com.apple.product-type.application";
		};
/* End PBXNativeTarget section */

/* Begin PBXProject section */
		DA886101169FB29C007128F2 /* Project object */ = {
			isa = PBXProject;
			attributes = {
				LastUpgradeCheck = 0450;
				ORGANIZATIONNAME = 21kunpeng;
			};
			buildConfigurationList = DA886104169FB29C007128F2 /* Build configuration list for PBXProject "TestLock" */;
			compatibilityVersion = "Xcode 3.2";
			developmentRegion = English;
			hasScannedForEncodings = 0;
			knownRegions = (
				en,
			);
			mainGroup = DA8860FF169FB29C007128F2;
			productRefGroup = DA88610B169FB29C007128F2 /* Products */;
			projectDirPath = "";
			projectRoot = "";
			targets = (
				DA886109169FB29C007128F2 /* TestLock */,
			);
		};
/* End PBXProject section */

/* Begin PBXResourcesBuildPhase section */
		DA886108169FB29C007128F2 /* Resources */ = {
			isa = PBXResourcesBuildPhase;
			buildActionMask = 2147483647;
			files = (
				DA886119169FB29C007128F2 /* InfoPlist.strings in Resources */,
				DA886121169FB29C007128F2 /* Default.png in Resources */,
				DA886123169FB29C007128F2 /* Default@2x.png in Resources */,
				DA886125169FB29C007128F2 /* Default-568h@2x.png in Resources */,
				DA88612B169FB29C007128F2 /* ViewController.xib in Resources */,
			);
			runOnlyForDeploymentPostprocessing = 0;
		};
/* End PBXResourcesBuildPhase section */

/* Begin PBXSourcesBuildPhase section */
		DA886106169FB29C007128F2 /* Sources */ = {
			isa = PBXSourcesBuildPhase;
			buildActionMask = 2147483647;
			files = (
				DA88611B169FB29C007128F2 /* main.m in Sources */,
				DA88611F169FB29C007128F2 /* AppDelegate.m in Sources */,
				DA886128169FB29C007128F2 /* ViewController.m in Sources */,
			);
			runOnlyForDeploymentPostprocessing = 0;
		};
/* End PBXSourcesBuildPhase section */

/* Begin PBXVariantGroup section */
		DA886117169FB29C007128F2 /* InfoPlist.strings */ = {
			isa = PBXVariantGroup;
			children = (
				DA886118169FB29C007128F2 /* en */,
			);
			name = InfoPlist.strings;
			sourceTree = "<group>";
		};
		DA886129169FB29C007128F2 /* ViewController.xib */ = {
			isa = PBXVariantGroup;
			children = (
				DA88612A169FB29C007128F2 /* en */,
			);
			name = ViewController.xib;
			sourceTree = "<group>";
		};
/* End PBXVariantGroup section */

/* Begin XCBuildConfiguration section */
		DA88612C169FB29C007128F2 /* Debug */ = {
			isa = XCBuildConfiguration;
			buildSettings = {
				ALWAYS_SEARCH_USER_PATHS = NO;
				CLANG_CXX_LANGUAGE_STANDARD = "gnu++0x";
				CLANG_CXX_LIBRARY = "libc++";
				CLANG_WARN_EMPTY_BODY = YES;
				CLANG_WARN__DUPLICATE_METHOD_MATCH = YES;
				"CODE_SIGN_IDENTITY[sdk=iphoneos*]" = "iPhone Developer";
				COPY_PHASE_STRIP = NO;
				GCC_C_LANGUAGE_STANDARD = gnu99;
				GCC_DYNAMIC_NO_PIC = NO;
				GCC_OPTIMIZATION_LEVEL = 0;
				GCC_PREPROCESSOR_DEFINITIONS = (
					"DEBUG=1",
					"$(inherited)",
				);
				GCC_SYMBOLS_PRIVATE_EXTERN = NO;
				GCC_WARN_ABOUT_RETURN_TYPE = YES;
				GCC_WARN_UNINITIALIZED_AUTOS = YES;
				GCC_WARN_UNUSED_VARIABLE = YES;
				IPHONEOS_DEPLOYMENT_TARGET = 6.0;
				ONLY_ACTIVE_ARCH = YES;
				SDKROOT = iphoneos;
			};
			name = Debug;
		};
		DA88612D169FB29C007128F2 /* Release */ = {
			isa = XCBuildConfiguration;
			buildSettings = {
				ALWAYS_SEARCH_USER_PATHS = NO;
				CLANG_CXX_LANGUAGE_STANDARD = "gnu++0x";
				CLANG_CXX_LIBRARY = "libc++";
				CLANG_WARN_EMPTY_BODY = YES;
				CLANG_WARN__DUPLICATE_METHOD_MATCH = YES;
				"CODE_SIGN_IDENTITY[sdk=iphoneos*]" = "iPhone Developer";
				COPY_PHASE_STRIP = YES;
				GCC_C_LANGUAGE_STANDARD = gnu99;
				GCC_WARN_ABOUT_RETURN_TYPE = YES;
				GCC_WARN_UNINITIALIZED_AUTOS = YES;
				GCC_WARN_UNUSED_VARIABLE = YES;
				IPHONEOS_DEPLOYMENT_TARGET = 6.0;
				OTHER_CFLAGS = "-DNS_BLOCK_ASSERTIONS=1";
				SDKROOT = iphoneos;
				VALIDATE_PRODUCT = YES;
			};
			name = Release;
		};
		DA88612F169FB29C007128F2 /* Debug */ = {
			isa = XCBuildConfiguration;
			buildSettings = {
				GCC_PRECOMPILE_PREFIX_HEADER = YES;
				GCC_PREFIX_HEADER = "TestLock/TestLock-Prefix.pch";
				INFOPLIST_FILE = "TestLock/TestLock-Info.plist";
				PRODUCT_NAME = "$(TARGET_NAME)";
				WRAPPER_EXTENSION = app;
			};
			name = Debug;
		};
		DA886130169FB29C007128F2 /* Release */ = {
			isa = XCBuildConfiguration;
			buildSettings = {
				GCC_PRECOMPILE_PREFIX_HEADER = YES;
				GCC_PREFIX_HEADER = "TestLock/TestLock-Prefix.pch";
				INFOPLIST_FILE = "TestLock/TestLock-Info.plist";
				PRODUCT_NAME = "$(TARGET_NAME)";
				WRAPPER_EXTENSION = app;
			};
			name = Release;
		};
/* End XCBuildConfiguration section */

/* Begin XCConfigurationList section */
		DA886104169FB29C007128F2 /* Build configuration list for PBXProject "TestLock" */ = {
			isa = XCConfigurationList;
			buildConfigurations = (
				DA88612C169FB29C007128F2 /* Debug */,
				DA88612D169FB29C007128F2 /* Release */,
			);
			defaultConfigurationIsVisible = 0;
			defaultConfigurationName = Release;
		};
		DA88612E169FB29C007128F2 /* Build configuration list for PBXNativeTarget "TestLock" */ = {
			isa = XCConfigurationList;
			buildConfigurations = (
				DA88612F169FB29C007128F2 /* Debug */,
				DA886130169FB29C007128F2 /* Release */,
			);
			defaultConfigurationIsVisible = 0;
		};
/* End XCConfigurationList section */
	};
	rootObject = DA886101169FB29C007128F2 /* Project object */;
}
